{
  "name": "hello-nayeem",
  "version": "2.0.0",
  "lockfileVersion": 3,
  "requires": true,
  "packages": {
    "": {
      "name": "hello-nayeem",
      "version": "2.0.0",
      "license": "ISC",
      "bin": {
        "hello-nayeem": "index.js"
      },
      "engines": {
        "node": ">=16.0.0"
      }
    }
  }
}
