{
  "name": "hello-nayeem",
  "version": "1.0.3",
  "lockfileVersion": 3,
  "requires": true,
  "packages": {
    "": {
      "name": "hello-nayeem",
      "version": "1.0.3",
      "license": "ISC",
      "dependencies": {
        "hello-nayeem": "^1.0.3"
      },
      "bin": {
        "hello-nayeem": "index.js"
      }
    },
    "node_modules/hello-nayeem": {
      "version": "1.0.3",
      "resolved": "https://registry.npmjs.org/hello-nayeem/-/hello-nayeem-1.0.3.tgz",
      "integrity": "sha512-xeiW3qyBz9ygAiCJbdtN0CTW4waWLa8W9kUNY0B6bEHCla8noMjPzNZ514DmVbhFLtk6xNujmRe2D6mBvVIFaA==",
      "license": "ISC",
      "bin": {
        "hello-nayeem": "index.js"
      }
    }
  }
}
